
Microsoft Visual Studio Solution File, Format Version 12.00
# Visual Studio 15
VisualStudioVersion = 15.0.26430.6
MinimumVisualStudioVersion = 10.0.40219.1
Project("{FAE04EC0-301F-11D3-BF4B-00C04F79EFBC}") = "TesteDeploy.App", "TesteDeploy.App\TesteDeploy.App.csproj", "{68E4CBCA-7F91-4C87-9BA8-EF1B56911DBC}"
EndProject
Project("{930C7802-8A8C-48F9-8165-68863BCCD9DD}") = "TesteDeploy.Setup", "TesteDeploy.Setup\TesteDeploy.Setup.wixproj", "{CA9EA63D-F9A7-49BE-B4E5-18AF7525B2D6}"
EndProject
Project("{FAE04EC0-301F-11D3-BF4B-00C04F79EFBC}") = "TesteDeploy.Installer", "TesteDeploy.Installer\TesteDeploy.Installer.csproj", "{8D2C9FCE-B14F-4727-A14B-5C939BE66778}"
EndProject
Project("{2150E333-8FDC-42A3-9474-1A3956D46DE8}") = "_Solution Items", "_Solution Items", "{7B9C46CB-07EE-48C0-89B4-CD5C0BDFAA5A}"
	ProjectSection(SolutionItems) = preProject
		create-sfx.bat = create-sfx.bat
	EndProjectSection
EndProject
Project("{2150E333-8FDC-42A3-9474-1A3956D46DE8}") = "_Wix", "_Wix", "{32DA4FC0-B03C-4521-8FBF-D7BA6B5B07FA}"
	ProjectSection(SolutionItems) = preProject
		candle.exe = candle.exe
		candle.exe.config = candle.exe.config
		darice.cub = darice.cub
		dark.exe = dark.exe
		dark.exe.config = dark.exe.config
		difxapp_x64.wixlib = difxapp_x64.wixlib
		difxapp_x86.wixlib = difxapp_x86.wixlib
		heat.exe = heat.exe
		heat.exe.config = heat.exe.config
		insignia.exe = insignia.exe
		insignia.exe.config = insignia.exe.config
		light.exe = light.exe
		light.exe.config = light.exe.config
		lit.exe = lit.exe
		lit.exe.config = lit.exe.config
		lux.exe = lux.exe
		lux.exe.config = lux.exe.config
		LuxTasks.dll = LuxTasks.dll
		melt.exe = melt.exe
		melt.exe.config = melt.exe.config
		mergemod.cub = mergemod.cub
		mergemod.dll = mergemod.dll
		Microsoft.Deployment.Compression.Cab.dll = Microsoft.Deployment.Compression.Cab.dll
		Microsoft.Deployment.Compression.dll = Microsoft.Deployment.Compression.dll
		Microsoft.Deployment.Resources.dll = Microsoft.Deployment.Resources.dll
		Microsoft.Deployment.WindowsInstaller.dll = Microsoft.Deployment.WindowsInstaller.dll
		Microsoft.Deployment.WindowsInstaller.Package.dll = Microsoft.Deployment.WindowsInstaller.Package.dll
		mspatchc.dll = mspatchc.dll
		nit.exe = nit.exe
		nit.exe.config = nit.exe.config
		pyro.exe = pyro.exe
		pyro.exe.config = pyro.exe.config
		shine.exe = shine.exe
		shine.exe.config = shine.exe.config
		smoke.exe = smoke.exe
		smoke.exe.config = smoke.exe.config
		ThmViewer.exe = ThmViewer.exe
		torch.exe = torch.exe
		torch.exe.config = torch.exe.config
		wconsole.dll = wconsole.dll
		winterop.dll = winterop.dll
		wix.dll = wix.dll
		WixBalExtension.dll = WixBalExtension.dll
		WixComPlusExtension.dll = WixComPlusExtension.dll
		WixCop.exe = WixCop.exe
		WixDependencyExtension.dll = WixDependencyExtension.dll
		WixDifxAppExtension.dll = WixDifxAppExtension.dll
		WixDirectXExtension.dll = WixDirectXExtension.dll
		WixFirewallExtension.dll = WixFirewallExtension.dll
		WixGamingExtension.dll = WixGamingExtension.dll
		WixHttpExtension.dll = WixHttpExtension.dll
		WixIIsExtension.dll = WixIIsExtension.dll
		WixLuxExtension.dll = WixLuxExtension.dll
		WixMsmqExtension.dll = WixMsmqExtension.dll
		WixNetFxExtension.dll = WixNetFxExtension.dll
		WixPSExtension.dll = WixPSExtension.dll
		WixSqlExtension.dll = WixSqlExtension.dll
		WixTagExtension.dll = WixTagExtension.dll
		WixTasks.dll = WixTasks.dll
		wixtoolset.org.ico = wixtoolset.org.ico
		WixUIExtension.dll = WixUIExtension.dll
		WixUtilExtension.dll = WixUtilExtension.dll
		WixVSExtension.dll = WixVSExtension.dll
		WixVSExtension.MSBuild12.dll = WixVSExtension.MSBuild12.dll
		WixVSExtension.MSBuild14.dll = WixVSExtension.MSBuild14.dll
	EndProjectSection
EndProject
Global
	GlobalSection(SolutionConfigurationPlatforms) = preSolution
		Debug|Any CPU = Debug|Any CPU
		Debug|x86 = Debug|x86
		Release|Any CPU = Release|Any CPU
		Release|x86 = Release|x86
	EndGlobalSection
	GlobalSection(ProjectConfigurationPlatforms) = postSolution
		{68E4CBCA-7F91-4C87-9BA8-EF1B56911DBC}.Debug|Any CPU.ActiveCfg = Debug|Any CPU
		{68E4CBCA-7F91-4C87-9BA8-EF1B56911DBC}.Debug|Any CPU.Build.0 = Debug|Any CPU
		{68E4CBCA-7F91-4C87-9BA8-EF1B56911DBC}.Debug|x86.ActiveCfg = Debug|Any CPU
		{68E4CBCA-7F91-4C87-9BA8-EF1B56911DBC}.Debug|x86.Build.0 = Debug|Any CPU
		{68E4CBCA-7F91-4C87-9BA8-EF1B56911DBC}.Release|Any CPU.ActiveCfg = Release|Any CPU
		{68E4CBCA-7F91-4C87-9BA8-EF1B56911DBC}.Release|Any CPU.Build.0 = Release|Any CPU
		{68E4CBCA-7F91-4C87-9BA8-EF1B56911DBC}.Release|x86.ActiveCfg = Release|Any CPU
		{68E4CBCA-7F91-4C87-9BA8-EF1B56911DBC}.Release|x86.Build.0 = Release|Any CPU
		{CA9EA63D-F9A7-49BE-B4E5-18AF7525B2D6}.Debug|Any CPU.ActiveCfg = Debug|x86
		{CA9EA63D-F9A7-49BE-B4E5-18AF7525B2D6}.Debug|x86.ActiveCfg = Debug|x86
		{CA9EA63D-F9A7-49BE-B4E5-18AF7525B2D6}.Debug|x86.Build.0 = Debug|x86
		{CA9EA63D-F9A7-49BE-B4E5-18AF7525B2D6}.Release|Any CPU.ActiveCfg = Release|x86
		{CA9EA63D-F9A7-49BE-B4E5-18AF7525B2D6}.Release|Any CPU.Build.0 = Release|x86
		{CA9EA63D-F9A7-49BE-B4E5-18AF7525B2D6}.Release|x86.ActiveCfg = Release|x86
		{CA9EA63D-F9A7-49BE-B4E5-18AF7525B2D6}.Release|x86.Build.0 = Release|x86
		{8D2C9FCE-B14F-4727-A14B-5C939BE66778}.Debug|Any CPU.ActiveCfg = Debug|Any CPU
		{8D2C9FCE-B14F-4727-A14B-5C939BE66778}.Debug|Any CPU.Build.0 = Debug|Any CPU
		{8D2C9FCE-B14F-4727-A14B-5C939BE66778}.Debug|x86.ActiveCfg = Debug|Any CPU
		{8D2C9FCE-B14F-4727-A14B-5C939BE66778}.Debug|x86.Build.0 = Debug|Any CPU
		{8D2C9FCE-B14F-4727-A14B-5C939BE66778}.Release|Any CPU.ActiveCfg = Release|Any CPU
		{8D2C9FCE-B14F-4727-A14B-5C939BE66778}.Release|Any CPU.Build.0 = Release|Any CPU
		{8D2C9FCE-B14F-4727-A14B-5C939BE66778}.Release|x86.ActiveCfg = Release|Any CPU
		{8D2C9FCE-B14F-4727-A14B-5C939BE66778}.Release|x86.Build.0 = Release|Any CPU
	EndGlobalSection
	GlobalSection(SolutionProperties) = preSolution
		HideSolutionNode = FALSE
	EndGlobalSection
EndGlobal
